
Microsoft Visual Studio Solution File, Format Version 12.00
# Visual Studio 15
VisualStudioVersion = 15.0.27428.2037
MinimumVisualStudioVersion = 10.0.40219.1
Project("{FAE04EC0-301F-11D3-BF4B-00C04F79EFBC}") = "FinalProject", "FinalProject\FinalProject.csproj", "{995871F4-406A-4DB0-9C64-B443EF47174F}"
EndProject
Global
	GlobalSection(SolutionConfigurationPlatforms) = preSolution
		Debug|Any CPU = Debug|Any CPU
		Release|Any CPU = Release|Any CPU
	EndGlobalSection
	GlobalSection(ProjectConfigurationPlatforms) = postSolution
		{995871F4-406A-4DB0-9C64-B443EF47174F}.Debug|Any CPU.ActiveCfg = Debug|Any CPU
		{995871F4-406A-4DB0-9C64-B443EF47174F}.Debug|Any CPU.Build.0 = Debug|Any CPU
		{995871F4-406A-4DB0-9C64-B443EF47174F}.Release|Any CPU.ActiveCfg = Release|Any CPU
		{995871F4-406A-4DB0-9C64-B443EF47174F}.Release|Any CPU.Build.0 = Release|Any CPU
	EndGlobalSection
	GlobalSection(SolutionProperties) = preSolution
		HideSolutionNode = FALSE
	EndGlobalSection
	GlobalSection(ExtensibilityGlobals) = postSolution
		SolutionGuid = {25A42E5B-0A1A-48DA-879B-66440C16B610}
	EndGlobalSection
EndGlobal
